// !$*UTF8*$!
{
	archiveVersion = 1;
	classes = {
	};
	objectVersion = 56;
	objects = {

/* Begin PBXBuildFile section */
		DC0F2F6F29CB4547009137DC /* AppDelegate.swift in Sources */ = {isa = PBXBuildFile; fileRef = DC0F2F6E29CB4547009137DC /* AppDelegate.swift */; };
		DC0F2F7129CB4547009137DC /* SceneDelegate.swift in Sources */ = {isa = PBXBuildFile; fileRef = DC0F2F7029CB4547009137DC /* SceneDelegate.swift */; };
		DC0F2F7329CB4547009137DC /* ViewController.swift in Sources */ = {isa = PBXBuildFile; fileRef = DC0F2F7229CB4547009137DC /* ViewController.swift */; };
		DC0F2F7629CB4547009137DC /* Main.storyboard in Resources */ = {isa = PBXBuildFile; fileRef = DC0F2F7429CB4547009137DC /* Main.storyboard */; };
		DC0F2F7829CB4549009137DC /* Assets.xcassets in Resources */ = {isa = PBXBuildFile; fileRef = DC0F2F7729CB4549009137DC /* Assets.xcassets */; };
		DC0F2F7B29CB4549009137DC /* LaunchScreen.storyboard in Resources */ = {isa = PBXBuildFile; fileRef = DC0F2F7929CB4549009137DC /* LaunchScreen.storyboard */; };
		DC0F2F8629CB4549009137DC /* _st_assignmentTests.swift in Sources */ = {isa = PBXBuildFile; fileRef = DC0F2F8529CB4549009137DC /* _st_assignmentTests.swift */; };
		DC0F2F9029CB4549009137DC /* _st_assignmentUITests.swift in Sources */ = {isa = PBXBuildFile; fileRef = DC0F2F8F29CB4549009137DC /* _st_assignmentUITests.swift */; };
		DC0F2F9229CB4549009137DC /* _st_assignmentUITestsLaunchTests.swift in Sources */ = {isa = PBXBuildFile; fileRef = DC0F2F9129CB4549009137DC /* _st_assignmentUITestsLaunchTests.swift */; };
/* End PBXBuildFile section */

/* Begin PBXContainerItemProxy section */
		DC0F2F8229CB4549009137DC /* PBXContainerItemProxy */ = {
			isa = PBXContainerItemProxy;
			containerPortal = DC0F2F6329CB4547009137DC /* Project object */;
			proxyType = 1;
			remoteGlobalIDString = DC0F2F6A29CB4547009137DC;
			remoteInfo = 1st_assignment;
		};
		DC0F2F8C29CB4549009137DC /* PBXContainerItemProxy */ = {
			isa = PBXContainerItemProxy;
			containerPortal = DC0F2F6329CB4547009137DC /* Project object */;
			proxyType = 1;
			remoteGlobalIDString = DC0F2F6A29CB4547009137DC;
			remoteInfo = 1st_assignment;
		};
/* End PBXContainerItemProxy section */

/* Begin PBXFileReference section */
		DC0F2F6B29CB4547009137DC /* 1st_assignment.app */ = {isa = PBXFileReference; explicitFileType = wrapper.application; includeInIndex = 0; path = 1st_assignment.app; sourceTree = BUILT_PRODUCTS_DIR; };
		DC0F2F6E29CB4547009137DC /* AppDelegate.swift */ = {isa = PBXFileReference; lastKnownFileType = sourcecode.swift; path = AppDelegate.swift; sourceTree = "<group>"; };
		DC0F2F7029CB4547009137DC /* SceneDelegate.swift */ = {isa = PBXFileReference; lastKnownFileType = sourcecode.swift; path = SceneDelegate.swift; sourceTree = "<group>"; };
		DC0F2F7229CB4547009137DC /* ViewController.swift */ = {isa = PBXFileReference; lastKnownFileType = sourcecode.swift; path = ViewController.swift; sourceTree = "<group>"; };
		DC0F2F7529CB4547009137DC /* Base */ = {isa = PBXFileReference; lastKnownFileType = file.storyboard; name = Base; path = Base.lproj/Main.storyboard; sourceTree = "<group>"; };
		DC0F2F7729CB4549009137DC /* Assets.xcassets */ = {isa = PBXFileReference; lastKnownFileType = folder.assetcatalog; path = Assets.xcassets; sourceTree = "<group>"; };
		DC0F2F7A29CB4549009137DC /* Base */ = {isa = PBXFileReference; lastKnownFileType = file.storyboard; name = Base; path = Base.lproj/LaunchScreen.storyboard; sourceTree = "<group>"; };
		DC0F2F7C29CB4549009137DC /* Info.plist */ = {isa = PBXFileReference; lastKnownFileType = text.plist.xml; path = Info.plist; sourceTree = "<group>"; };
		DC0F2F8129CB4549009137DC /* 1st_assignmentTests.xctest */ = {isa = PBXFileReference; explicitFileType = wrapper.cfbundle; includeInIndex = 0; path = 1st_assignmentTests.xctest; sourceTree = BUILT_PRODUCTS_DIR; };
		DC0F2F8529CB4549009137DC /* _st_assignmentTests.swift */ = {isa = PBXFileReference; lastKnownFileType = sourcecode.swift; path = _st_assignmentTests.swift; sourceTree = "<group>"; };
		DC0F2F8B29CB4549009137DC /* 1st_assignmentUITests.xctest */ = {isa = PBXFileReference; explicitFileType = wrapper.cfbundle; includeInIndex = 0; path = 1st_assignmentUITests.xctest; sourceTree = BUILT_PRODUCTS_DIR; };
		DC0F2F8F29CB4549009137DC /* _st_assignmentUITests.swift */ = {isa = PBXFileReference; lastKnownFileType = sourcecode.swift; path = _st_assignmentUITests.swift; sourceTree = "<group>"; };
		DC0F2F9129CB4549009137DC /* _st_assignmentUITestsLaunchTests.swift */ = {isa = PBXFileReference; lastKnownFileType = sourcecode.swift; path = _st_assignmentUITestsLaunchTests.swift; sourceTree = "<group>"; };
/* End PBXFileReference section */

/* Begin PBXFrameworksBuildPhase section */
		DC0F2F6829CB4547009137DC /* Frameworks */ = {
			isa = PBXFrameworksBuildPhase;
			buildActionMask = 2147483647;
			files = (
			);
			runOnlyForDeploymentPostprocessing = 0;
		};
		DC0F2F7E29CB4549009137DC /* Frameworks */ = {
			isa = PBXFrameworksBuildPhase;
			buildActionMask = 2147483647;
			files = (
			);
			runOnlyForDeploymentPostprocessing = 0;
		};
		DC0F2F8829CB4549009137DC /* Frameworks */ = {
			isa = PBXFrameworksBuildPhase;
			buildActionMask = 2147483647;
			files = (
			);
			runOnlyForDeploymentPostprocessing = 0;
		};
/* End PBXFrameworksBuildPhase section */

/* Begin PBXGroup section */
		DC0F2F6229CB4547009137DC = {
			isa = PBXGroup;
			children = (
				DC0F2F6D29CB4547009137DC /* 1st_assignment */,
				DC0F2F8429CB4549009137DC /* 1st_assignmentTests */,
				DC0F2F8E29CB4549009137DC /* 1st_assignmentUITests */,
				DC0F2F6C29CB4547009137DC /* Products */,
			);
			sourceTree = "<group>";
		};
		DC0F2F6C29CB4547009137DC /* Products */ = {
			isa = PBXGroup;
			children = (
				DC0F2F6B29CB4547009137DC /* 1st_assignment.app */,
				DC0F2F8129CB4549009137DC /* 1st_assignmentTests.xctest */,
				DC0F2F8B29CB4549009137DC /* 1st_assignmentUITests.xctest */,
			);
			name = Products;
			sourceTree = "<group>";
		};
		DC0F2F6D29CB4547009137DC /* 1st_assignment */ = {
			isa = PBXGroup;
			children = (
				DC0F2F6E29CB4547009137DC /* AppDelegate.swift */,
				DC0F2F7029CB4547009137DC /* SceneDelegate.swift */,
				DC0F2F7229CB4547009137DC /* ViewController.swift */,
				DC0F2F7429CB4547009137DC /* Main.storyboard */,
				DC0F2F7729CB4549009137DC /* Assets.xcassets */,
				DC0F2F7929CB4549009137DC /* LaunchScreen.storyboard */,
				DC0F2F7C29CB4549009137DC /* Info.plist */,
			);
			path = 1st_assignment;
			sourceTree = "<group>";
		};
		DC0F2F8429CB4549009137DC /* 1st_assignmentTests */ = {
			isa = PBXGroup;
			children = (
				DC0F2F8529CB4549009137DC /* _st_assignmentTests.swift */,
			);
			path = 1st_assignmentTests;
			sourceTree = "<group>";
		};
		DC0F2F8E29CB4549009137DC /* 1st_assignmentUITests */ = {
			isa = PBXGroup;
			children = (
				DC0F2F8F29CB4549009137DC /* _st_assignmentUITests.swift */,
				DC0F2F9129CB4549009137DC /* _st_assignmentUITestsLaunchTests.swift */,
			);
			path = 1st_assignmentUITests;
			sourceTree = "<group>";
		};
/* End PBXGroup section */

/* Begin PBXNativeTarget section */
		DC0F2F6A29CB4547009137DC /* 1st_assignment */ = {
			isa = PBXNativeTarget;
			buildConfigurationList = DC0F2F9529CB4549009137DC /* Build configuration list for PBXNativeTarget "1st_assignment" */;
			buildPhases = (
				DC0F2F6729CB4547009137DC /* Sources */,
				DC0F2F6829CB4547009137DC /* Frameworks */,
				DC0F2F6929CB4547009137DC /* Resources */,
			);
			buildRules = (
			);
			dependencies = (
			);
			name = 1st_assignment;
			productName = 1st_assignment;
			productReference = DC0F2F6B29CB4547009137DC /* 1st_assignment.app */;
			productType = "com.apple.product-type.application";
		};
		DC0F2F8029CB4549009137DC /* 1st_assignmentTests */ = {
			isa = PBXNativeTarget;
			buildConfigurationList = DC0F2F9829CB4549009137DC /* Build configuration list for PBXNativeTarget "1st_assignmentTests" */;
			buildPhases = (
				DC0F2F7D29CB4549009137DC /* Sources */,
				DC0F2F7E29CB4549009137DC /* Frameworks */,
				DC0F2F7F29CB4549009137DC /* Resources */,
			);
			buildRules = (
			);
			dependencies = (
				DC0F2F8329CB4549009137DC /* PBXTargetDependency */,
			);
			name = 1st_assignmentTests;
			productName = 1st_assignmentTests;
			productReference = DC0F2F8129CB4549009137DC /* 1st_assignmentTests.xctest */;
			productType = "com.apple.product-type.bundle.unit-test";
		};
		DC0F2F8A29CB4549009137DC /* 1st_assignmentUITests */ = {
			isa = PBXNativeTarget;
			buildConfigurationList = DC0F2F9B29CB4549009137DC /* Build configuration list for PBXNativeTarget "1st_assignmentUITests" */;
			buildPhases = (
				DC0F2F8729CB4549009137DC /* Sources */,
				DC0F2F8829CB4549009137DC /* Frameworks */,
				DC0F2F8929CB4549009137DC /* Resources */,
			);
			buildRules = (
			);
			dependencies = (
				DC0F2F8D29CB4549009137DC /* PBXTargetDependency */,
			);
			name = 1st_assignmentUITests;
			productName = 1st_assignmentUITests;
			productReference = DC0F2F8B29CB4549009137DC /* 1st_assignmentUITests.xctest */;
			productType = "com.apple.product-type.bundle.ui-testing";
		};
/* End PBXNativeTarget section */

/* Begin PBXProject section */
		DC0F2F6329CB4547009137DC /* Project object */ = {
			isa = PBXProject;
			attributes = {
				BuildIndependentTargetsInParallel = 1;
				LastSwiftUpdateCheck = 1420;
				LastUpgradeCheck = 1420;
				TargetAttributes = {
					DC0F2F6A29CB4547009137DC = {
						CreatedOnToolsVersion = 14.2;
					};
					DC0F2F8029CB4549009137DC = {
						CreatedOnToolsVersion = 14.2;
						TestTargetID = DC0F2F6A29CB4547009137DC;
					};
					DC0F2F8A29CB4549009137DC = {
						CreatedOnToolsVersion = 14.2;
						TestTargetID = DC0F2F6A29CB4547009137DC;
					};
				};
			};
			buildConfigurationList = DC0F2F6629CB4547009137DC /* Build configuration list for PBXProject "1st_assignment" */;
			compatibilityVersion = "Xcode 14.0";
			developmentRegion = en;
			hasScannedForEncodings = 0;
			knownRegions = (
				en,
				Base,
			);
			mainGroup = DC0F2F6229CB4547009137DC;
			productRefGroup = DC0F2F6C29CB4547009137DC /* Products */;
			projectDirPath = "";
			projectRoot = "";
			targets = (
				DC0F2F6A29CB4547009137DC /* 1st_assignment */,
				DC0F2F8029CB4549009137DC /* 1st_assignmentTests */,
				DC0F2F8A29CB4549009137DC /* 1st_assignmentUITests */,
			);
		};
/* End PBXProject section */

/* Begin PBXResourcesBuildPhase section */
		DC0F2F6929CB4547009137DC /* Resources */ = {
			isa = PBXResourcesBuildPhase;
			buildActionMask = 2147483647;
			files = (
				DC0F2F7B29CB4549009137DC /* LaunchScreen.storyboard in Resources */,
				DC0F2F7829CB4549009137DC /* Assets.xcassets in Resources */,
				DC0F2F7629CB4547009137DC /* Main.storyboard in Resources */,
			);
			runOnlyForDeploymentPostprocessing = 0;
		};
		DC0F2F7F29CB4549009137DC /* Resources */ = {
			isa = PBXResourcesBuildPhase;
			buildActionMask = 2147483647;
			files = (
			);
			runOnlyForDeploymentPostprocessing = 0;
		};
		DC0F2F8929CB4549009137DC /* Resources */ = {
			isa = PBXResourcesBuildPhase;
			buildActionMask = 2147483647;
			files = (
			);
			runOnlyForDeploymentPostprocessing = 0;
		};
/* End PBXResourcesBuildPhase section */

/* Begin PBXSourcesBuildPhase section */
		DC0F2F6729CB4547009137DC /* Sources */ = {
			isa = PBXSourcesBuildPhase;
			buildActionMask = 2147483647;
			files = (
				DC0F2F7329CB4547009137DC /* ViewController.swift in Sources */,
				DC0F2F6F29CB4547009137DC /* AppDelegate.swift in Sources */,
				DC0F2F7129CB4547009137DC /* SceneDelegate.swift in Sources */,
			);
			runOnlyForDeploymentPostprocessing = 0;
		};
		DC0F2F7D29CB4549009137DC /* Sources */ = {
			isa = PBXSourcesBuildPhase;
			buildActionMask = 2147483647;
			files = (
				DC0F2F8629CB4549009137DC /* _st_assignmentTests.swift in Sources */,
			);
			runOnlyForDeploymentPostprocessing = 0;
		};
		DC0F2F8729CB4549009137DC /* Sources */ = {
			isa = PBXSourcesBuildPhase;
			buildActionMask = 2147483647;
			files = (
				DC0F2F9229CB4549009137DC /* _st_assignmentUITestsLaunchTests.swift in Sources */,
				DC0F2F9029CB4549009137DC /* _st_assignmentUITests.swift in Sources */,
			);
			runOnlyForDeploymentPostprocessing = 0;
		};
/* End PBXSourcesBuildPhase section */

/* Begin PBXTargetDependency section */
		DC0F2F8329CB4549009137DC /* PBXTargetDependency */ = {
			isa = PBXTargetDependency;
			target = DC0F2F6A29CB4547009137DC /* 1st_assignment */;
			targetProxy = DC0F2F8229CB4549009137DC /* PBXContainerItemProxy */;
		};
		DC0F2F8D29CB4549009137DC /* PBXTargetDependency */ = {
			isa = PBXTargetDependency;
			target = DC0F2F6A29CB4547009137DC /* 1st_assignment */;
			targetProxy = DC0F2F8C29CB4549009137DC /* PBXContainerItemProxy */;
		};
/* End PBXTargetDependency section */

/* Begin PBXVariantGroup section */
		DC0F2F7429CB4547009137DC /* Main.storyboard */ = {
			isa = PBXVariantGroup;
			children = (
				DC0F2F7529CB4547009137DC /* Base */,
			);
			name = Main.storyboard;
			sourceTree = "<group>";
		};
		DC0F2F7929CB4549009137DC /* LaunchScreen.storyboard */ = {
			isa = PBXVariantGroup;
			children = (
				DC0F2F7A29CB4549009137DC /* Base */,
			);
			name = LaunchScreen.storyboard;
			sourceTree = "<group>";
		};
/* End PBXVariantGroup section */

/* Begin XCBuildConfiguration section */
		DC0F2F9329CB4549009137DC /* Debug */ = {
			isa = XCBuildConfiguration;
			buildSettings = {
				ALWAYS_SEARCH_USER_PATHS = NO;
				CLANG_ANALYZER_NONNULL = YES;
				CLANG_ANALYZER_NUMBER_OBJECT_CONVERSION = YES_AGGRESSIVE;
				CLANG_CXX_LANGUAGE_STANDARD = "gnu++20";
				CLANG_ENABLE_MODULES = YES;
				CLANG_ENABLE_OBJC_ARC = YES;
				CLANG_ENABLE_OBJC_WEAK = YES;
				CLANG_WARN_BLOCK_CAPTURE_AUTORELEASING = YES;
				CLANG_WARN_BOOL_CONVERSION = YES;
				CLANG_WARN_COMMA = YES;
				CLANG_WARN_CONSTANT_CONVERSION = YES;
				CLANG_WARN_DEPRECATED_OBJC_IMPLEMENTATIONS = YES;
				CLANG_WARN_DIRECT_OBJC_ISA_USAGE = YES_ERROR;
				CLANG_WARN_DOCUMENTATION_COMMENTS = YES;
				CLANG_WARN_EMPTY_BODY = YES;
				CLANG_WARN_ENUM_CONVERSION = YES;
				CLANG_WARN_INFINITE_RECURSION = YES;
				CLANG_WARN_INT_CONVERSION = YES;
				CLANG_WARN_NON_LITERAL_NULL_CONVERSION = YES;
				CLANG_WARN_OBJC_IMPLICIT_RETAIN_SELF = YES;
				CLANG_WARN_OBJC_LITERAL_CONVERSION = YES;
				CLANG_WARN_OBJC_ROOT_CLASS = YES_ERROR;
				CLANG_WARN_QUOTED_INCLUDE_IN_FRAMEWORK_HEADER = YES;
				CLANG_WARN_RANGE_LOOP_ANALYSIS = YES;
				CLANG_WARN_STRICT_PROTOTYPES = YES;
				CLANG_WARN_SUSPICIOUS_MOVE = YES;
				CLANG_WARN_UNGUARDED_AVAILABILITY = YES_AGGRESSIVE;
				CLANG_WARN_UNREACHABLE_CODE = YES;
				CLANG_WARN__DUPLICATE_METHOD_MATCH = YES;
				COPY_PHASE_STRIP = NO;
				DEBUG_INFORMATION_FORMAT = dwarf;
				ENABLE_STRICT_OBJC_MSGSEND = YES;
				ENABLE_TESTABILITY = YES;
				GCC_C_LANGUAGE_STANDARD = gnu11;
				GCC_DYNAMIC_NO_PIC = NO;
				GCC_NO_COMMON_BLOCKS = YES;
				GCC_OPTIMIZATION_LEVEL = 0;
				GCC_PREPROCESSOR_DEFINITIONS = (
					"DEBUG=1",
					"$(inherited)",
				);
				GCC_WARN_64_TO_32_BIT_CONVERSION = YES;
				GCC_WARN_ABOUT_RETURN_TYPE = YES_ERROR;
				GCC_WARN_UNDECLARED_SELECTOR = YES;
				GCC_WARN_UNINITIALIZED_AUTOS = YES_AGGRESSIVE;
				GCC_WARN_UNUSED_FUNCTION = YES;
				GCC_WARN_UNUSED_VARIABLE = YES;
				IPHONEOS_DEPLOYMENT_TARGET = 16.2;
				MTL_ENABLE_DEBUG_INFO = INCLUDE_SOURCE;
				MTL_FAST_MATH = YES;
				ONLY_ACTIVE_ARCH = YES;
				SDKROOT = iphoneos;
				SWIFT_ACTIVE_COMPILATION_CONDITIONS = DEBUG;
				SWIFT_OPTIMIZATION_LEVEL = "-Onone";
			};
			name = Debug;
		};
		DC0F2F9429CB4549009137DC /* Release */ = {
			isa = XCBuildConfiguration;
			buildSettings = {
				ALWAYS_SEARCH_USER_PATHS = NO;
				CLANG_ANALYZER_NONNULL = YES;
				CLANG_ANALYZER_NUMBER_OBJECT_CONVERSION = YES_AGGRESSIVE;
				CLANG_CXX_LANGUAGE_STANDARD = "gnu++20";
				CLANG_ENABLE_MODULES = YES;
				CLANG_ENABLE_OBJC_ARC = YES;
				CLANG_ENABLE_OBJC_WEAK = YES;
				CLANG_WARN_BLOCK_CAPTURE_AUTORELEASING = YES;
				CLANG_WARN_BOOL_CONVERSION = YES;
				CLANG_WARN_COMMA = YES;
				CLANG_WARN_CONSTANT_CONVERSION = YES;
				CLANG_WARN_DEPRECATED_OBJC_IMPLEMENTATIONS = YES;
				CLANG_WARN_DIRECT_OBJC_ISA_USAGE = YES_ERROR;
				CLANG_WARN_DOCUMENTATION_COMMENTS = YES;
				CLANG_WARN_EMPTY_BODY = YES;
				CLANG_WARN_ENUM_CONVERSION = YES;
				CLANG_WARN_INFINITE_RECURSION = YES;
				CLANG_WARN_INT_CONVERSION = YES;
				CLANG_WARN_NON_LITERAL_NULL_CONVERSION = YES;
				CLANG_WARN_OBJC_IMPLICIT_RETAIN_SELF = YES;
				CLANG_WARN_OBJC_LITERAL_CONVERSION = YES;
				CLANG_WARN_OBJC_ROOT_CLASS = YES_ERROR;
				CLANG_WARN_QUOTED_INCLUDE_IN_FRAMEWORK_HEADER = YES;
				CLANG_WARN_RANGE_LOOP_ANALYSIS = YES;
				CLANG_WARN_STRICT_PROTOTYPES = YES;
				CLANG_WARN_SUSPICIOUS_MOVE = YES;
				CLANG_WARN_UNGUARDED_AVAILABILITY = YES_AGGRESSIVE;
				CLANG_WARN_UNREACHABLE_CODE = YES;
				CLANG_WARN__DUPLICATE_METHOD_MATCH = YES;
				COPY_PHASE_STRIP = NO;
				DEBUG_INFORMATION_FORMAT = "dwarf-with-dsym";
				ENABLE_NS_ASSERTIONS = NO;
				ENABLE_STRICT_OBJC_MSGSEND = YES;
				GCC_C_LANGUAGE_STANDARD = gnu11;
				GCC_NO_COMMON_BLOCKS = YES;
				GCC_WARN_64_TO_32_BIT_CONVERSION = YES;
				GCC_WARN_ABOUT_RETURN_TYPE = YES_ERROR;
				GCC_WARN_UNDECLARED_SELECTOR = YES;
				GCC_WARN_UNINITIALIZED_AUTOS = YES_AGGRESSIVE;
				GCC_WARN_UNUSED_FUNCTION = YES;
				GCC_WARN_UNUSED_VARIABLE = YES;
				IPHONEOS_DEPLOYMENT_TARGET = 16.2;
				MTL_ENABLE_DEBUG_INFO = NO;
				MTL_FAST_MATH = YES;
				SDKROOT = iphoneos;
				SWIFT_COMPILATION_MODE = wholemodule;
				SWIFT_OPTIMIZATION_LEVEL = "-O";
				VALIDATE_PRODUCT = YES;
			};
			name = Release;
		};
		DC0F2F9629CB4549009137DC /* Debug */ = {
			isa = XCBuildConfiguration;
			buildSettings = {
				ASSETCATALOG_COMPILER_APPICON_NAME = AppIcon;
				ASSETCATALOG_COMPILER_GLOBAL_ACCENT_COLOR_NAME = AccentColor;
				CODE_SIGN_STYLE = Automatic;
				CURRENT_PROJECT_VERSION = 1;
				DEVELOPMENT_TEAM = S2D94HHFAY;
				GENERATE_INFOPLIST_FILE = YES;
				INFOPLIST_FILE = 1st_assignment/Info.plist;
				INFOPLIST_KEY_UIApplicationSupportsIndirectInputEvents = YES;
				INFOPLIST_KEY_UILaunchStoryboardName = LaunchScreen;
				INFOPLIST_KEY_UIMainStoryboardFile = Main;
				INFOPLIST_KEY_UISupportedInterfaceOrientations_iPad = "UIInterfaceOrientationPortrait UIInterfaceOrientationPortraitUpsideDown UIInterfaceOrientationLandscapeLeft UIInterfaceOrientationLandscapeRight";
				INFOPLIST_KEY_UISupportedInterfaceOrientations_iPhone = "UIInterfaceOrientationPortrait UIInterfaceOrientationLandscapeLeft UIInterfaceOrientationLandscapeRight";
				LD_RUNPATH_SEARCH_PATHS = (
					"$(inherited)",
					"@executable_path/Frameworks",
				);
				MARKETING_VERSION = 1.0;
				PRODUCT_BUNDLE_IDENTIFIER = "de.schindlerfelix.-st-assignment";
				PRODUCT_NAME = "$(TARGET_NAME)";
				SWIFT_EMIT_LOC_STRINGS = YES;
				SWIFT_VERSION = 5.0;
				TARGETED_DEVICE_FAMILY = "1,2";
			};
			name = Debug;
		};
		DC0F2F9729CB4549009137DC /* Release */ = {
			isa = XCBuildConfiguration;
			buildSettings = {
				ASSETCATALOG_COMPILER_APPICON_NAME = AppIcon;
				ASSETCATALOG_COMPILER_GLOBAL_ACCENT_COLOR_NAME = AccentColor;
				CODE_SIGN_STYLE = Automatic;
				CURRENT_PROJECT_VERSION = 1;
				DEVELOPMENT_TEAM = S2D94HHFAY;
				GENERATE_INFOPLIST_FILE = YES;
				INFOPLIST_FILE = 1st_assignment/Info.plist;
				INFOPLIST_KEY_UIApplicationSupportsIndirectInputEvents = YES;
				INFOPLIST_KEY_UILaunchStoryboardName = LaunchScreen;
				INFOPLIST_KEY_UIMainStoryboardFile = Main;
				INFOPLIST_KEY_UISupportedInterfaceOrientations_iPad = "UIInterfaceOrientationPortrait UIInterfaceOrientationPortraitUpsideDown UIInterfaceOrientationLandscapeLeft UIInterfaceOrientationLandscapeRight";
				INFOPLIST_KEY_UISupportedInterfaceOrientations_iPhone = "UIInterfaceOrientationPortrait UIInterfaceOrientationLandscapeLeft UIInterfaceOrientationLandscapeRight";
				LD_RUNPATH_SEARCH_PATHS = (
					"$(inherited)",
					"@executable_path/Frameworks",
				);
				MARKETING_VERSION = 1.0;
				PRODUCT_BUNDLE_IDENTIFIER = "de.schindlerfelix.-st-assignment";
				PRODUCT_NAME = "$(TARGET_NAME)";
				SWIFT_EMIT_LOC_STRINGS = YES;
				SWIFT_VERSION = 5.0;
				TARGETED_DEVICE_FAMILY = "1,2";
			};
			name = Release;
		};
		DC0F2F9929CB4549009137DC /* Debug */ = {
			isa = XCBuildConfiguration;
			buildSettings = {
				ALWAYS_EMBED_SWIFT_STANDARD_LIBRARIES = YES;
				BUNDLE_LOADER = "$(TEST_HOST)";
				CODE_SIGN_STYLE = Automatic;
				CURRENT_PROJECT_VERSION = 1;
				DEVELOPMENT_TEAM = S2D94HHFAY;
				GENERATE_INFOPLIST_FILE = YES;
				IPHONEOS_DEPLOYMENT_TARGET = 16.2;
				MARKETING_VERSION = 1.0;
				PRODUCT_BUNDLE_IDENTIFIER = "de.schindlerfelix.-st-assignmentTests";
				PRODUCT_NAME = "$(TARGET_NAME)";
				SWIFT_EMIT_LOC_STRINGS = NO;
				SWIFT_VERSION = 5.0;
				TARGETED_DEVICE_FAMILY = "1,2";
				TEST_HOST = "$(BUILT_PRODUCTS_DIR)/1st_assignment.app/$(BUNDLE_EXECUTABLE_FOLDER_PATH)/1st_assignment";
			};
			name = Debug;
		};
		DC0F2F9A29CB4549009137DC /* Release */ = {
			isa = XCBuildConfiguration;
			buildSettings = {
				ALWAYS_EMBED_SWIFT_STANDARD_LIBRARIES = YES;
				BUNDLE_LOADER = "$(TEST_HOST)";
				CODE_SIGN_STYLE = Automatic;
				CURRENT_PROJECT_VERSION = 1;
				DEVELOPMENT_TEAM = S2D94HHFAY;
				GENERATE_INFOPLIST_FILE = YES;
				IPHONEOS_DEPLOYMENT_TARGET = 16.2;
				MARKETING_VERSION = 1.0;
				PRODUCT_BUNDLE_IDENTIFIER = "de.schindlerfelix.-st-assignmentTests";
				PRODUCT_NAME = "$(TARGET_NAME)";
				SWIFT_EMIT_LOC_STRINGS = NO;
				SWIFT_VERSION = 5.0;
				TARGETED_DEVICE_FAMILY = "1,2";
				TEST_HOST = "$(BUILT_PRODUCTS_DIR)/1st_assignment.app/$(BUNDLE_EXECUTABLE_FOLDER_PATH)/1st_assignment";
			};
			name = Release;
		};
		DC0F2F9C29CB4549009137DC /* Debug */ = {
			isa = XCBuildConfiguration;
			buildSettings = {
				ALWAYS_EMBED_SWIFT_STANDARD_LIBRARIES = YES;
				CODE_SIGN_STYLE = Automatic;
				CURRENT_PROJECT_VERSION = 1;
				DEVELOPMENT_TEAM = S2D94HHFAY;
				GENERATE_INFOPLIST_FILE = YES;
				MARKETING_VERSION = 1.0;
				PRODUCT_BUNDLE_IDENTIFIER = "de.schindlerfelix.-st-assignmentUITests";
				PRODUCT_NAME = "$(TARGET_NAME)";
				SWIFT_EMIT_LOC_STRINGS = NO;
				SWIFT_VERSION = 5.0;
				TARGETED_DEVICE_FAMILY = "1,2";
				TEST_TARGET_NAME = 1st_assignment;
			};
			name = Debug;
		};
		DC0F2F9D29CB4549009137DC /* Release */ = {
			isa = XCBuildConfiguration;
			buildSettings = {
				ALWAYS_EMBED_SWIFT_STANDARD_LIBRARIES = YES;
				CODE_SIGN_STYLE = Automatic;
				CURRENT_PROJECT_VERSION = 1;
				DEVELOPMENT_TEAM = S2D94HHFAY;
				GENERATE_INFOPLIST_FILE = YES;
				MARKETING_VERSION = 1.0;
				PRODUCT_BUNDLE_IDENTIFIER = "de.schindlerfelix.-st-assignmentUITests";
				PRODUCT_NAME = "$(TARGET_NAME)";
				SWIFT_EMIT_LOC_STRINGS = NO;
				SWIFT_VERSION = 5.0;
				TARGETED_DEVICE_FAMILY = "1,2";
				TEST_TARGET_NAME = 1st_assignment;
			};
			name = Release;
		};
/* End XCBuildConfiguration section */

/* Begin XCConfigurationList section */
		DC0F2F6629CB4547009137DC /* Build configuration list for PBXProject "1st_assignment" */ = {
			isa = XCConfigurationList;
			buildConfigurations = (
				DC0F2F9329CB4549009137DC /* Debug */,
				DC0F2F9429CB4549009137DC /* Release */,
			);
			defaultConfigurationIsVisible = 0;
			defaultConfigurationName = Release;
		};
		DC0F2F9529CB4549009137DC /* Build configuration list for PBXNativeTarget "1st_assignment" */ = {
			isa = XCConfigurationList;
			buildConfigurations = (
				DC0F2F9629CB4549009137DC /* Debug */,
				DC0F2F9729CB4549009137DC /* Release */,
			);
			defaultConfigurationIsVisible = 0;
			defaultConfigurationName = Release;
		};
		DC0F2F9829CB4549009137DC /* Build configuration list for PBXNativeTarget "1st_assignmentTests" */ = {
			isa = XCConfigurationList;
			buildConfigurations = (
				DC0F2F9929CB4549009137DC /* Debug */,
				DC0F2F9A29CB4549009137DC /* Release */,
			);
			defaultConfigurationIsVisible = 0;
			defaultConfigurationName = Release;
		};
		DC0F2F9B29CB4549009137DC /* Build configuration list for PBXNativeTarget "1st_assignmentUITests" */ = {
			isa = XCConfigurationList;
			buildConfigurations = (
				DC0F2F9C29CB4549009137DC /* Debug */,
				DC0F2F9D29CB4549009137DC /* Release */,
			);
			defaultConfigurationIsVisible = 0;
			defaultConfigurationName = Release;
		};
/* End XCConfigurationList section */
	};
	rootObject = DC0F2F6329CB4547009137DC /* Project object */;
}
